
Microsoft Visual Studio Solution File, Format Version 12.00
# Visual Studio 14
VisualStudioVersion = 14.0.25420.1
MinimumVisualStudioVersion = 10.0.40219.1
Project("{8BC9CEB8-8B4A-11D0-8D11-00A0C91BC942}") = "CStudyLibrary", "CStudyLibrary\CStudyLibrary.vcxproj", "{100E5668-1665-40AF-983B-E5056830CC82}"
EndProject
Project("{8BC9CEB8-8B4A-11D0-8D11-00A0C91BC942}") = "BinaryTree", "BinaryTree\BinaryTree\BinaryTree.vcxproj", "{413CB268-D0B9-48E3-AF3D-DA8183DF7340}"
EndProject
Project("{8BC9CEB8-8B4A-11D0-8D11-00A0C91BC942}") = "NativeUnitTest", "NativeUnitTest\NativeUnitTest.vcxproj", "{A25C157E-93D5-44BD-9D29-8FCDABA63295}"
EndProject
Project("{8BC9CEB8-8B4A-11D0-8D11-00A0C91BC942}") = "UnitTest1", "UnitTest2\UnitTest2.vcxproj", "{6C1F8DD6-EEA6-4626-B1F1-DE9860E983C3}"
EndProject
Project("{2150E333-8FDC-42A3-9474-1A3956D46DE8}") = "Data structure and algorithm", "Data structure and algorithm", "{AF4833F0-1D7F-4E7B-9387-EF391983C40D}"
EndProject
Project("{8BC9CEB8-8B4A-11D0-8D11-00A0C91BC942}") = "LinkList", "LinkList\LinkList.vcxproj", "{BAEE20E4-61B6-4329-8C9E-986D3049F336}"
EndProject
Project("{8BC9CEB8-8B4A-11D0-8D11-00A0C91BC942}") = "Stack", "Stack\Stack.vcxproj", "{B1364C06-E7EC-4F83-A72E-6036DB0F8715}"
EndProject
Project("{8BC9CEB8-8B4A-11D0-8D11-00A0C91BC942}") = "Queue", "Queue\Queue.vcxproj", "{4560BDFE-9AC7-4C55-9520-78A037503F08}"
EndProject
Project("{8BC9CEB8-8B4A-11D0-8D11-00A0C91BC942}") = "BTree", "BTree\BTree.vcxproj", "{6B106170-4EF1-4813-B03C-D29DA32843B4}"
EndProject
Global
	GlobalSection(SolutionConfigurationPlatforms) = preSolution
		Debug|Mixed Platforms = Debug|Mixed Platforms
		Debug|Win32 = Debug|Win32
		Debug|x64 = Debug|x64
		Debug|x86 = Debug|x86
		Release|Mixed Platforms = Release|Mixed Platforms
		Release|Win32 = Release|Win32
		Release|x64 = Release|x64
		Release|x86 = Release|x86
	EndGlobalSection
	GlobalSection(ProjectConfigurationPlatforms) = postSolution
		{100E5668-1665-40AF-983B-E5056830CC82}.Debug|Mixed Platforms.ActiveCfg = Debug|Win32
		{100E5668-1665-40AF-983B-E5056830CC82}.Debug|Mixed Platforms.Build.0 = Debug|Win32
		{100E5668-1665-40AF-983B-E5056830CC82}.Debug|Win32.ActiveCfg = Debug|Win32
		{100E5668-1665-40AF-983B-E5056830CC82}.Debug|Win32.Build.0 = Debug|Win32
		{100E5668-1665-40AF-983B-E5056830CC82}.Debug|x64.ActiveCfg = Debug|x64
		{100E5668-1665-40AF-983B-E5056830CC82}.Debug|x64.Build.0 = Debug|x64
		{100E5668-1665-40AF-983B-E5056830CC82}.Debug|x86.ActiveCfg = Debug|Win32
		{100E5668-1665-40AF-983B-E5056830CC82}.Debug|x86.Build.0 = Debug|Win32
		{100E5668-1665-40AF-983B-E5056830CC82}.Release|Mixed Platforms.ActiveCfg = Release|Win32
		{100E5668-1665-40AF-983B-E5056830CC82}.Release|Mixed Platforms.Build.0 = Release|Win32
		{100E5668-1665-40AF-983B-E5056830CC82}.Release|Win32.ActiveCfg = Release|Win32
		{100E5668-1665-40AF-983B-E5056830CC82}.Release|Win32.Build.0 = Release|Win32
		{100E5668-1665-40AF-983B-E5056830CC82}.Release|x64.ActiveCfg = Release|x64
		{100E5668-1665-40AF-983B-E5056830CC82}.Release|x64.Build.0 = Release|x64
		{100E5668-1665-40AF-983B-E5056830CC82}.Release|x86.ActiveCfg = Release|Win32
		{100E5668-1665-40AF-983B-E5056830CC82}.Release|x86.Build.0 = Release|Win32
		{413CB268-D0B9-48E3-AF3D-DA8183DF7340}.Debug|Mixed Platforms.ActiveCfg = Debug|Win32
		{413CB268-D0B9-48E3-AF3D-DA8183DF7340}.Debug|Mixed Platforms.Build.0 = Debug|Win32
		{413CB268-D0B9-48E3-AF3D-DA8183DF7340}.Debug|Win32.ActiveCfg = Debug|Win32
		{413CB268-D0B9-48E3-AF3D-DA8183DF7340}.Debug|Win32.Build.0 = Debug|Win32
		{413CB268-D0B9-48E3-AF3D-DA8183DF7340}.Debug|x64.ActiveCfg = Debug|x64
		{413CB268-D0B9-48E3-AF3D-DA8183DF7340}.Debug|x64.Build.0 = Debug|x64
		{413CB268-D0B9-48E3-AF3D-DA8183DF7340}.Debug|x86.ActiveCfg = Debug|Win32
		{413CB268-D0B9-48E3-AF3D-DA8183DF7340}.Debug|x86.Build.0 = Debug|Win32
		{413CB268-D0B9-48E3-AF3D-DA8183DF7340}.Release|Mixed Platforms.ActiveCfg = Release|Win32
		{413CB268-D0B9-48E3-AF3D-DA8183DF7340}.Release|Mixed Platforms.Build.0 = Release|Win32
		{413CB268-D0B9-48E3-AF3D-DA8183DF7340}.Release|Win32.ActiveCfg = Release|Win32
		{413CB268-D0B9-48E3-AF3D-DA8183DF7340}.Release|Win32.Build.0 = Release|Win32
		{413CB268-D0B9-48E3-AF3D-DA8183DF7340}.Release|x64.ActiveCfg = Release|x64
		{413CB268-D0B9-48E3-AF3D-DA8183DF7340}.Release|x64.Build.0 = Release|x64
		{413CB268-D0B9-48E3-AF3D-DA8183DF7340}.Release|x86.ActiveCfg = Release|Win32
		{413CB268-D0B9-48E3-AF3D-DA8183DF7340}.Release|x86.Build.0 = Release|Win32
		{A25C157E-93D5-44BD-9D29-8FCDABA63295}.Debug|Mixed Platforms.ActiveCfg = Debug|Win32
		{A25C157E-93D5-44BD-9D29-8FCDABA63295}.Debug|Mixed Platforms.Build.0 = Debug|Win32
		{A25C157E-93D5-44BD-9D29-8FCDABA63295}.Debug|Win32.ActiveCfg = Debug|Win32
		{A25C157E-93D5-44BD-9D29-8FCDABA63295}.Debug|Win32.Build.0 = Debug|Win32
		{A25C157E-93D5-44BD-9D29-8FCDABA63295}.Debug|x64.ActiveCfg = Debug|x64
		{A25C157E-93D5-44BD-9D29-8FCDABA63295}.Debug|x64.Build.0 = Debug|x64
		{A25C157E-93D5-44BD-9D29-8FCDABA63295}.Debug|x86.ActiveCfg = Debug|Win32
		{A25C157E-93D5-44BD-9D29-8FCDABA63295}.Debug|x86.Build.0 = Debug|Win32
		{A25C157E-93D5-44BD-9D29-8FCDABA63295}.Release|Mixed Platforms.ActiveCfg = Release|Win32
		{A25C157E-93D5-44BD-9D29-8FCDABA63295}.Release|Mixed Platforms.Build.0 = Release|Win32
		{A25C157E-93D5-44BD-9D29-8FCDABA63295}.Release|Win32.ActiveCfg = Release|Win32
		{A25C157E-93D5-44BD-9D29-8FCDABA63295}.Release|Win32.Build.0 = Release|Win32
		{A25C157E-93D5-44BD-9D29-8FCDABA63295}.Release|x64.ActiveCfg = Release|x64
		{A25C157E-93D5-44BD-9D29-8FCDABA63295}.Release|x64.Build.0 = Release|x64
		{A25C157E-93D5-44BD-9D29-8FCDABA63295}.Release|x86.ActiveCfg = Release|Win32
		{A25C157E-93D5-44BD-9D29-8FCDABA63295}.Release|x86.Build.0 = Release|Win32
		{6C1F8DD6-EEA6-4626-B1F1-DE9860E983C3}.Debug|Mixed Platforms.ActiveCfg = Debug|Win32
		{6C1F8DD6-EEA6-4626-B1F1-DE9860E983C3}.Debug|Mixed Platforms.Build.0 = Debug|Win32
		{6C1F8DD6-EEA6-4626-B1F1-DE9860E983C3}.Debug|Win32.ActiveCfg = Debug|Win32
		{6C1F8DD6-EEA6-4626-B1F1-DE9860E983C3}.Debug|Win32.Build.0 = Debug|Win32
		{6C1F8DD6-EEA6-4626-B1F1-DE9860E983C3}.Debug|x64.ActiveCfg = Debug|x64
		{6C1F8DD6-EEA6-4626-B1F1-DE9860E983C3}.Debug|x64.Build.0 = Debug|x64
		{6C1F8DD6-EEA6-4626-B1F1-DE9860E983C3}.Debug|x86.ActiveCfg = Debug|Win32
		{6C1F8DD6-EEA6-4626-B1F1-DE9860E983C3}.Debug|x86.Build.0 = Debug|Win32
		{6C1F8DD6-EEA6-4626-B1F1-DE9860E983C3}.Release|Mixed Platforms.ActiveCfg = Release|Win32
		{6C1F8DD6-EEA6-4626-B1F1-DE9860E983C3}.Release|Mixed Platforms.Build.0 = Release|Win32
		{6C1F8DD6-EEA6-4626-B1F1-DE9860E983C3}.Release|Win32.ActiveCfg = Release|Win32
		{6C1F8DD6-EEA6-4626-B1F1-DE9860E983C3}.Release|Win32.Build.0 = Release|Win32
		{6C1F8DD6-EEA6-4626-B1F1-DE9860E983C3}.Release|x64.ActiveCfg = Release|x64
		{6C1F8DD6-EEA6-4626-B1F1-DE9860E983C3}.Release|x64.Build.0 = Release|x64
		{6C1F8DD6-EEA6-4626-B1F1-DE9860E983C3}.Release|x86.ActiveCfg = Release|Win32
		{6C1F8DD6-EEA6-4626-B1F1-DE9860E983C3}.Release|x86.Build.0 = Release|Win32
		{BAEE20E4-61B6-4329-8C9E-986D3049F336}.Debug|Mixed Platforms.ActiveCfg = Debug|Win32
		{BAEE20E4-61B6-4329-8C9E-986D3049F336}.Debug|Mixed Platforms.Build.0 = Debug|Win32
		{BAEE20E4-61B6-4329-8C9E-986D3049F336}.Debug|Win32.ActiveCfg = Debug|Win32
		{BAEE20E4-61B6-4329-8C9E-986D3049F336}.Debug|Win32.Build.0 = Debug|Win32
		{BAEE20E4-61B6-4329-8C9E-986D3049F336}.Debug|x64.ActiveCfg = Debug|x64
		{BAEE20E4-61B6-4329-8C9E-986D3049F336}.Debug|x64.Build.0 = Debug|x64
		{BAEE20E4-61B6-4329-8C9E-986D3049F336}.Debug|x86.ActiveCfg = Debug|Win32
		{BAEE20E4-61B6-4329-8C9E-986D3049F336}.Debug|x86.Build.0 = Debug|Win32
		{BAEE20E4-61B6-4329-8C9E-986D3049F336}.Release|Mixed Platforms.ActiveCfg = Release|Win32
		{BAEE20E4-61B6-4329-8C9E-986D3049F336}.Release|Mixed Platforms.Build.0 = Release|Win32
		{BAEE20E4-61B6-4329-8C9E-986D3049F336}.Release|Win32.ActiveCfg = Release|Win32
		{BAEE20E4-61B6-4329-8C9E-986D3049F336}.Release|Win32.Build.0 = Release|Win32
		{BAEE20E4-61B6-4329-8C9E-986D3049F336}.Release|x64.ActiveCfg = Release|x64
		{BAEE20E4-61B6-4329-8C9E-986D3049F336}.Release|x64.Build.0 = Release|x64
		{BAEE20E4-61B6-4329-8C9E-986D3049F336}.Release|x86.ActiveCfg = Release|Win32
		{BAEE20E4-61B6-4329-8C9E-986D3049F336}.Release|x86.Build.0 = Release|Win32
		{B1364C06-E7EC-4F83-A72E-6036DB0F8715}.Debug|Mixed Platforms.ActiveCfg = Debug|Win32
		{B1364C06-E7EC-4F83-A72E-6036DB0F8715}.Debug|Mixed Platforms.Build.0 = Debug|Win32
		{B1364C06-E7EC-4F83-A72E-6036DB0F8715}.Debug|Win32.ActiveCfg = Debug|Win32
		{B1364C06-E7EC-4F83-A72E-6036DB0F8715}.Debug|Win32.Build.0 = Debug|Win32
		{B1364C06-E7EC-4F83-A72E-6036DB0F8715}.Debug|x64.ActiveCfg = Debug|x64
		{B1364C06-E7EC-4F83-A72E-6036DB0F8715}.Debug|x64.Build.0 = Debug|x64
		{B1364C06-E7EC-4F83-A72E-6036DB0F8715}.Debug|x86.ActiveCfg = Debug|Win32
		{B1364C06-E7EC-4F83-A72E-6036DB0F8715}.Debug|x86.Build.0 = Debug|Win32
		{B1364C06-E7EC-4F83-A72E-6036DB0F8715}.Release|Mixed Platforms.ActiveCfg = Release|Win32
		{B1364C06-E7EC-4F83-A72E-6036DB0F8715}.Release|Mixed Platforms.Build.0 = Release|Win32
		{B1364C06-E7EC-4F83-A72E-6036DB0F8715}.Release|Win32.ActiveCfg = Release|Win32
		{B1364C06-E7EC-4F83-A72E-6036DB0F8715}.Release|Win32.Build.0 = Release|Win32
		{B1364C06-E7EC-4F83-A72E-6036DB0F8715}.Release|x64.ActiveCfg = Release|x64
		{B1364C06-E7EC-4F83-A72E-6036DB0F8715}.Release|x64.Build.0 = Release|x64
		{B1364C06-E7EC-4F83-A72E-6036DB0F8715}.Release|x86.ActiveCfg = Release|Win32
		{B1364C06-E7EC-4F83-A72E-6036DB0F8715}.Release|x86.Build.0 = Release|Win32
		{4560BDFE-9AC7-4C55-9520-78A037503F08}.Debug|Mixed Platforms.ActiveCfg = Debug|Win32
		{4560BDFE-9AC7-4C55-9520-78A037503F08}.Debug|Mixed Platforms.Build.0 = Debug|Win32
		{4560BDFE-9AC7-4C55-9520-78A037503F08}.Debug|Win32.ActiveCfg = Debug|Win32
		{4560BDFE-9AC7-4C55-9520-78A037503F08}.Debug|Win32.Build.0 = Debug|Win32
		{4560BDFE-9AC7-4C55-9520-78A037503F08}.Debug|x64.ActiveCfg = Debug|x64
		{4560BDFE-9AC7-4C55-9520-78A037503F08}.Debug|x64.Build.0 = Debug|x64
		{4560BDFE-9AC7-4C55-9520-78A037503F08}.Debug|x86.ActiveCfg = Debug|Win32
		{4560BDFE-9AC7-4C55-9520-78A037503F08}.Debug|x86.Build.0 = Debug|Win32
		{4560BDFE-9AC7-4C55-9520-78A037503F08}.Release|Mixed Platforms.ActiveCfg = Release|Win32
		{4560BDFE-9AC7-4C55-9520-78A037503F08}.Release|Mixed Platforms.Build.0 = Release|Win32
		{4560BDFE-9AC7-4C55-9520-78A037503F08}.Release|Win32.ActiveCfg = Release|Win32
		{4560BDFE-9AC7-4C55-9520-78A037503F08}.Release|Win32.Build.0 = Release|Win32
		{4560BDFE-9AC7-4C55-9520-78A037503F08}.Release|x64.ActiveCfg = Release|x64
		{4560BDFE-9AC7-4C55-9520-78A037503F08}.Release|x64.Build.0 = Release|x64
		{4560BDFE-9AC7-4C55-9520-78A037503F08}.Release|x86.ActiveCfg = Release|Win32
		{4560BDFE-9AC7-4C55-9520-78A037503F08}.Release|x86.Build.0 = Release|Win32
		{6B106170-4EF1-4813-B03C-D29DA32843B4}.Debug|Mixed Platforms.ActiveCfg = Debug|Win32
		{6B106170-4EF1-4813-B03C-D29DA32843B4}.Debug|Mixed Platforms.Build.0 = Debug|Win32
		{6B106170-4EF1-4813-B03C-D29DA32843B4}.Debug|Win32.ActiveCfg = Debug|Win32
		{6B106170-4EF1-4813-B03C-D29DA32843B4}.Debug|Win32.Build.0 = Debug|Win32
		{6B106170-4EF1-4813-B03C-D29DA32843B4}.Debug|x64.ActiveCfg = Debug|x64
		{6B106170-4EF1-4813-B03C-D29DA32843B4}.Debug|x64.Build.0 = Debug|x64
		{6B106170-4EF1-4813-B03C-D29DA32843B4}.Debug|x86.ActiveCfg = Debug|Win32
		{6B106170-4EF1-4813-B03C-D29DA32843B4}.Debug|x86.Build.0 = Debug|Win32
		{6B106170-4EF1-4813-B03C-D29DA32843B4}.Release|Mixed Platforms.ActiveCfg = Release|Win32
		{6B106170-4EF1-4813-B03C-D29DA32843B4}.Release|Mixed Platforms.Build.0 = Release|Win32
		{6B106170-4EF1-4813-B03C-D29DA32843B4}.Release|Win32.ActiveCfg = Release|Win32
		{6B106170-4EF1-4813-B03C-D29DA32843B4}.Release|Win32.Build.0 = Release|Win32
		{6B106170-4EF1-4813-B03C-D29DA32843B4}.Release|x64.ActiveCfg = Release|x64
		{6B106170-4EF1-4813-B03C-D29DA32843B4}.Release|x64.Build.0 = Release|x64
		{6B106170-4EF1-4813-B03C-D29DA32843B4}.Release|x86.ActiveCfg = Release|Win32
		{6B106170-4EF1-4813-B03C-D29DA32843B4}.Release|x86.Build.0 = Release|Win32
	EndGlobalSection
	GlobalSection(SolutionProperties) = preSolution
		HideSolutionNode = FALSE
	EndGlobalSection
	GlobalSection(NestedProjects) = preSolution
		{413CB268-D0B9-48E3-AF3D-DA8183DF7340} = {AF4833F0-1D7F-4E7B-9387-EF391983C40D}
		{BAEE20E4-61B6-4329-8C9E-986D3049F336} = {AF4833F0-1D7F-4E7B-9387-EF391983C40D}
		{B1364C06-E7EC-4F83-A72E-6036DB0F8715} = {AF4833F0-1D7F-4E7B-9387-EF391983C40D}
		{4560BDFE-9AC7-4C55-9520-78A037503F08} = {AF4833F0-1D7F-4E7B-9387-EF391983C40D}
		{6B106170-4EF1-4813-B03C-D29DA32843B4} = {AF4833F0-1D7F-4E7B-9387-EF391983C40D}
	EndGlobalSection
EndGlobal
